// !$*UTF8*$!
{
	archiveVersion = 1;
	classes = {
	};
	objectVersion = 46;
	objects = {

/* Begin PBXBuildFile section */
		D50D17D517A15F73006680D6 /* UIKit.framework in Frameworks */ = {isa = PBXBuildFile; fileRef = D50D17D417A15F73006680D6 /* UIKit.framework */; };
		D50D17D717A15F73006680D6 /* Foundation.framework in Frameworks */ = {isa = PBXBuildFile; fileRef = D50D17D617A15F73006680D6 /* Foundation.framework */; };
		D50D17D917A15F73006680D6 /* CoreGraphics.framework in Frameworks */ = {isa = PBXBuildFile; fileRef = D50D17D817A15F73006680D6 /* CoreGraphics.framework */; };
		D50D17DF17A15F73006680D6 /* InfoPlist.strings in Resources */ = {isa = PBXBuildFile; fileRef = D50D17DD17A15F73006680D6 /* InfoPlist.strings */; };
		D50D17E117A15F73006680D6 /* main.m in Sources */ = {isa = PBXBuildFile; fileRef = D50D17E017A15F73006680D6 /* main.m */; };
		D50D17E517A15F73006680D6 /* AppDelegate.m in Sources */ = {isa = PBXBuildFile; fileRef = D50D17E417A15F73006680D6 /* AppDelegate.m */; };
		D50D17E717A15F73006680D6 /* Default.png in Resources */ = {isa = PBXBuildFile; fileRef = D50D17E617A15F73006680D6 /* Default.png */; };
		D50D17E917A15F73006680D6 /* Default@2x.png in Resources */ = {isa = PBXBuildFile; fileRef = D50D17E817A15F73006680D6 /* Default@2x.png */; };
		D50D17EB17A15F73006680D6 /* Default-568h@2x.png in Resources */ = {isa = PBXBuildFile; fileRef = D50D17EA17A15F73006680D6 /* Default-568h@2x.png */; };
		D50D17EE17A15F73006680D6 /* ViewController.m in Sources */ = {isa = PBXBuildFile; fileRef = D50D17ED17A15F73006680D6 /* ViewController.m */; };
		D50D17F117A15F73006680D6 /* ViewController.xib in Resources */ = {isa = PBXBuildFile; fileRef = D50D17EF17A15F73006680D6 /* ViewController.xib */; };
		D50D180117A16CB2006680D6 /* AirUITableView.m in Sources */ = {isa = PBXBuildFile; fileRef = D50D180017A16CB2006680D6 /* AirUITableView.m */; };
/* End PBXBuildFile section */

/* Begin PBXFileReference section */
		D50D17D117A15F73006680D6 /* UIDriveByEvents.app */ = {isa = PBXFileReference; explicitFileType = wrapper.application; includeInIndex = 0; path = UIDriveByEvents.app; sourceTree = BUILT_PRODUCTS_DIR; };
		D50D17D417A15F73006680D6 /* UIKit.framework */ = {isa = PBXFileReference; lastKnownFileType = wrapper.framework; name = UIKit.framework; path = System/Library/Frameworks/UIKit.framework; sourceTree = SDKROOT; };
		D50D17D617A15F73006680D6 /* Foundation.framework */ = {isa = PBXFileReference; lastKnownFileType = wrapper.framework; name = Foundation.framework; path = System/Library/Frameworks/Foundation.framework; sourceTree = SDKROOT; };
		D50D17D817A15F73006680D6 /* CoreGraphics.framework */ = {isa = PBXFileReference; lastKnownFileType = wrapper.framework; name = CoreGraphics.framework; path = System/Library/Frameworks/CoreGraphics.framework; sourceTree = SDKROOT; };
		D50D17DC17A15F73006680D6 /* UIDriveByEvents-Info.plist */ = {isa = PBXFileReference; lastKnownFileType = text.plist.xml; path = "UIDriveByEvents-Info.plist"; sourceTree = "<group>"; };
		D50D17DE17A15F73006680D6 /* en */ = {isa = PBXFileReference; lastKnownFileType = text.plist.strings; name = en; path = en.lproj/InfoPlist.strings; sourceTree = "<group>"; };
		D50D17E017A15F73006680D6 /* main.m */ = {isa = PBXFileReference; lastKnownFileType = sourcecode.c.objc; path = main.m; sourceTree = "<group>"; };
		D50D17E217A15F73006680D6 /* UIDriveByEvents-Prefix.pch */ = {isa = PBXFileReference; lastKnownFileType = sourcecode.c.h; path = "UIDriveByEvents-Prefix.pch"; sourceTree = "<group>"; };
		D50D17E317A15F73006680D6 /* AppDelegate.h */ = {isa = PBXFileReference; lastKnownFileType = sourcecode.c.h; path = AppDelegate.h; sourceTree = "<group>"; };
		D50D17E417A15F73006680D6 /* AppDelegate.m */ = {isa = PBXFileReference; lastKnownFileType = sourcecode.c.objc; path = AppDelegate.m; sourceTree = "<group>"; };
		D50D17E617A15F73006680D6 /* Default.png */ = {isa = PBXFileReference; lastKnownFileType = image.png; path = Default.png; sourceTree = "<group>"; };
		D50D17E817A15F73006680D6 /* Default@2x.png */ = {isa = PBXFileReference; lastKnownFileType = image.png; path = "Default@2x.png"; sourceTree = "<group>"; };
		D50D17EA17A15F73006680D6 /* Default-568h@2x.png */ = {isa = PBXFileReference; lastKnownFileType = image.png; path = "Default-568h@2x.png"; sourceTree = "<group>"; };
		D50D17EC17A15F73006680D6 /* ViewController.h */ = {isa = PBXFileReference; lastKnownFileType = sourcecode.c.h; path = ViewController.h; sourceTree = "<group>"; };
		D50D17ED17A15F73006680D6 /* ViewController.m */ = {isa = PBXFileReference; lastKnownFileType = sourcecode.c.objc; path = ViewController.m; sourceTree = "<group>"; };
		D50D17F017A15F73006680D6 /* en */ = {isa = PBXFileReference; lastKnownFileType = file.xib; name = en; path = en.lproj/ViewController.xib; sourceTree = "<group>"; };
		D50D17FF17A16CB2006680D6 /* AirUITableView.h */ = {isa = PBXFileReference; fileEncoding = 4; lastKnownFileType = sourcecode.c.h; path = AirUITableView.h; sourceTree = "<group>"; };
		D50D180017A16CB2006680D6 /* AirUITableView.m */ = {isa = PBXFileReference; fileEncoding = 4; lastKnownFileType = sourcecode.c.objc; path = AirUITableView.m; sourceTree = "<group>"; };
/* End PBXFileReference section */

/* Begin PBXFrameworksBuildPhase section */
		D50D17CE17A15F73006680D6 /* Frameworks */ = {
			isa = PBXFrameworksBuildPhase;
			buildActionMask = 2147483647;
			files = (
				D50D17D517A15F73006680D6 /* UIKit.framework in Frameworks */,
				D50D17D717A15F73006680D6 /* Foundation.framework in Frameworks */,
				D50D17D917A15F73006680D6 /* CoreGraphics.framework in Frameworks */,
			);
			runOnlyForDeploymentPostprocessing = 0;
		};
/* End PBXFrameworksBuildPhase section */

/* Begin PBXGroup section */
		D50D17C817A15F73006680D6 = {
			isa = PBXGroup;
			children = (
				D50D17DA17A15F73006680D6 /* UIDriveByEvents */,
				D50D17D317A15F73006680D6 /* Frameworks */,
				D50D17D217A15F73006680D6 /* Products */,
			);
			sourceTree = "<group>";
		};
		D50D17D217A15F73006680D6 /* Products */ = {
			isa = PBXGroup;
			children = (
				D50D17D117A15F73006680D6 /* UIDriveByEvents.app */,
			);
			name = Products;
			sourceTree = "<group>";
		};
		D50D17D317A15F73006680D6 /* Frameworks */ = {
			isa = PBXGroup;
			children = (
				D50D17D417A15F73006680D6 /* UIKit.framework */,
				D50D17D617A15F73006680D6 /* Foundation.framework */,
				D50D17D817A15F73006680D6 /* CoreGraphics.framework */,
			);
			name = Frameworks;
			sourceTree = "<group>";
		};
		D50D17DA17A15F73006680D6 /* UIDriveByEvents */ = {
			isa = PBXGroup;
			children = (
				D50D17FB17A161C8006680D6 /* ui */,
				D50D17E317A15F73006680D6 /* AppDelegate.h */,
				D50D17E417A15F73006680D6 /* AppDelegate.m */,
				D50D17EC17A15F73006680D6 /* ViewController.h */,
				D50D17ED17A15F73006680D6 /* ViewController.m */,
				D50D17EF17A15F73006680D6 /* ViewController.xib */,
				D50D17DB17A15F73006680D6 /* Supporting Files */,
			);
			path = UIDriveByEvents;
			sourceTree = "<group>";
		};
		D50D17DB17A15F73006680D6 /* Supporting Files */ = {
			isa = PBXGroup;
			children = (
				D50D17DC17A15F73006680D6 /* UIDriveByEvents-Info.plist */,
				D50D17DD17A15F73006680D6 /* InfoPlist.strings */,
				D50D17E017A15F73006680D6 /* main.m */,
				D50D17E217A15F73006680D6 /* UIDriveByEvents-Prefix.pch */,
				D50D17E617A15F73006680D6 /* Default.png */,
				D50D17E817A15F73006680D6 /* Default@2x.png */,
				D50D17EA17A15F73006680D6 /* Default-568h@2x.png */,
			);
			name = "Supporting Files";
			sourceTree = "<group>";
		};
		D50D17FB17A161C8006680D6 /* ui */ = {
			isa = PBXGroup;
			children = (
				D50D17FF17A16CB2006680D6 /* AirUITableView.h */,
				D50D180017A16CB2006680D6 /* AirUITableView.m */,
			);
			name = ui;
			sourceTree = "<group>";
		};
/* End PBXGroup section */

/* Begin PBXNativeTarget section */
		D50D17D017A15F73006680D6 /* UIDriveByEvents */ = {
			isa = PBXNativeTarget;
			buildConfigurationList = D50D17F417A15F73006680D6 /* Build configuration list for PBXNativeTarget "UIDriveByEvents" */;
			buildPhases = (
				D50D17CD17A15F73006680D6 /* Sources */,
				D50D17CE17A15F73006680D6 /* Frameworks */,
				D50D17CF17A15F73006680D6 /* Resources */,
			);
			buildRules = (
			);
			dependencies = (
			);
			name = UIDriveByEvents;
			productName = UIDriveByEvents;
			productReference = D50D17D117A15F73006680D6 /* UIDriveByEvents.app */;
			productType = "com.apple.product-type.application";
		};
/* End PBXNativeTarget section */

/* Begin PBXProject section */
		D50D17C917A15F73006680D6 /* Project object */ = {
			isa = PBXProject;
			attributes = {
				LastUpgradeCheck = 0460;
				ORGANIZATIONNAME = air;
			};
			buildConfigurationList = D50D17CC17A15F73006680D6 /* Build configuration list for PBXProject "UIDriveByEvents" */;
			compatibilityVersion = "Xcode 3.2";
			developmentRegion = English;
			hasScannedForEncodings = 0;
			knownRegions = (
				en,
			);
			mainGroup = D50D17C817A15F73006680D6;
			productRefGroup = D50D17D217A15F73006680D6 /* Products */;
			projectDirPath = "";
			projectRoot = "";
			targets = (
				D50D17D017A15F73006680D6 /* UIDriveByEvents */,
			);
		};
/* End PBXProject section */

/* Begin PBXResourcesBuildPhase section */
		D50D17CF17A15F73006680D6 /* Resources */ = {
			isa = PBXResourcesBuildPhase;
			buildActionMask = 2147483647;
			files = (
				D50D17DF17A15F73006680D6 /* InfoPlist.strings in Resources */,
				D50D17E717A15F73006680D6 /* Default.png in Resources */,
				D50D17E917A15F73006680D6 /* Default@2x.png in Resources */,
				D50D17EB17A15F73006680D6 /* Default-568h@2x.png in Resources */,
				D50D17F117A15F73006680D6 /* ViewController.xib in Resources */,
			);
			runOnlyForDeploymentPostprocessing = 0;
		};
/* End PBXResourcesBuildPhase section */

/* Begin PBXSourcesBuildPhase section */
		D50D17CD17A15F73006680D6 /* Sources */ = {
			isa = PBXSourcesBuildPhase;
			buildActionMask = 2147483647;
			files = (
				D50D17E117A15F73006680D6 /* main.m in Sources */,
				D50D17E517A15F73006680D6 /* AppDelegate.m in Sources */,
				D50D17EE17A15F73006680D6 /* ViewController.m in Sources */,
				D50D180117A16CB2006680D6 /* AirUITableView.m in Sources */,
			);
			runOnlyForDeploymentPostprocessing = 0;
		};
/* End PBXSourcesBuildPhase section */

/* Begin PBXVariantGroup section */
		D50D17DD17A15F73006680D6 /* InfoPlist.strings */ = {
			isa = PBXVariantGroup;
			children = (
				D50D17DE17A15F73006680D6 /* en */,
			);
			name = InfoPlist.strings;
			sourceTree = "<group>";
		};
		D50D17EF17A15F73006680D6 /* ViewController.xib */ = {
			isa = PBXVariantGroup;
			children = (
				D50D17F017A15F73006680D6 /* en */,
			);
			name = ViewController.xib;
			sourceTree = "<group>";
		};
/* End PBXVariantGroup section */

/* Begin XCBuildConfiguration section */
		D50D17F217A15F73006680D6 /* Debug */ = {
			isa = XCBuildConfiguration;
			buildSettings = {
				ALWAYS_SEARCH_USER_PATHS = NO;
				CLANG_CXX_LANGUAGE_STANDARD = "gnu++0x";
				CLANG_CXX_LIBRARY = "libc++";
				CLANG_ENABLE_OBJC_ARC = YES;
				CLANG_WARN_CONSTANT_CONVERSION = YES;
				CLANG_WARN_EMPTY_BODY = YES;
				CLANG_WARN_ENUM_CONVERSION = YES;
				CLANG_WARN_INT_CONVERSION = YES;
				CLANG_WARN__DUPLICATE_METHOD_MATCH = YES;
				"CODE_SIGN_IDENTITY[sdk=iphoneos*]" = "iPhone Developer";
				COPY_PHASE_STRIP = NO;
				GCC_C_LANGUAGE_STANDARD = gnu99;
				GCC_DYNAMIC_NO_PIC = NO;
				GCC_OPTIMIZATION_LEVEL = 0;
				GCC_PREPROCESSOR_DEFINITIONS = (
					"DEBUG=1",
					"$(inherited)",
				);
				GCC_SYMBOLS_PRIVATE_EXTERN = NO;
				GCC_WARN_ABOUT_RETURN_TYPE = YES;
				GCC_WARN_UNINITIALIZED_AUTOS = YES;
				GCC_WARN_UNUSED_VARIABLE = YES;
				IPHONEOS_DEPLOYMENT_TARGET = 6.1;
				ONLY_ACTIVE_ARCH = YES;
				SDKROOT = iphoneos;
			};
			name = Debug;
		};
		D50D17F317A15F73006680D6 /* Release */ = {
			isa = XCBuildConfiguration;
			buildSettings = {
				ALWAYS_SEARCH_USER_PATHS = NO;
				CLANG_CXX_LANGUAGE_STANDARD = "gnu++0x";
				CLANG_CXX_LIBRARY = "libc++";
				CLANG_ENABLE_OBJC_ARC = YES;
				CLANG_WARN_CONSTANT_CONVERSION = YES;
				CLANG_WARN_EMPTY_BODY = YES;
				CLANG_WARN_ENUM_CONVERSION = YES;
				CLANG_WARN_INT_CONVERSION = YES;
				CLANG_WARN__DUPLICATE_METHOD_MATCH = YES;
				"CODE_SIGN_IDENTITY[sdk=iphoneos*]" = "iPhone Developer";
				COPY_PHASE_STRIP = YES;
				GCC_C_LANGUAGE_STANDARD = gnu99;
				GCC_WARN_ABOUT_RETURN_TYPE = YES;
				GCC_WARN_UNINITIALIZED_AUTOS = YES;
				GCC_WARN_UNUSED_VARIABLE = YES;
				IPHONEOS_DEPLOYMENT_TARGET = 6.1;
				OTHER_CFLAGS = "-DNS_BLOCK_ASSERTIONS=1";
				SDKROOT = iphoneos;
				VALIDATE_PRODUCT = YES;
			};
			name = Release;
		};
		D50D17F517A15F73006680D6 /* Debug */ = {
			isa = XCBuildConfiguration;
			buildSettings = {
				GCC_PRECOMPILE_PREFIX_HEADER = YES;
				GCC_PREFIX_HEADER = "UIDriveByEvents/UIDriveByEvents-Prefix.pch";
				INFOPLIST_FILE = "UIDriveByEvents/UIDriveByEvents-Info.plist";
				IPHONEOS_DEPLOYMENT_TARGET = 5.1;
				PRODUCT_NAME = "$(TARGET_NAME)";
				WRAPPER_EXTENSION = app;
			};
			name = Debug;
		};
		D50D17F617A15F73006680D6 /* Release */ = {
			isa = XCBuildConfiguration;
			buildSettings = {
				GCC_PRECOMPILE_PREFIX_HEADER = YES;
				GCC_PREFIX_HEADER = "UIDriveByEvents/UIDriveByEvents-Prefix.pch";
				INFOPLIST_FILE = "UIDriveByEvents/UIDriveByEvents-Info.plist";
				IPHONEOS_DEPLOYMENT_TARGET = 5.1;
				PRODUCT_NAME = "$(TARGET_NAME)";
				WRAPPER_EXTENSION = app;
			};
			name = Release;
		};
/* End XCBuildConfiguration section */

/* Begin XCConfigurationList section */
		D50D17CC17A15F73006680D6 /* Build configuration list for PBXProject "UIDriveByEvents" */ = {
			isa = XCConfigurationList;
			buildConfigurations = (
				D50D17F217A15F73006680D6 /* Debug */,
				D50D17F317A15F73006680D6 /* Release */,
			);
			defaultConfigurationIsVisible = 0;
			defaultConfigurationName = Release;
		};
		D50D17F417A15F73006680D6 /* Build configuration list for PBXNativeTarget "UIDriveByEvents" */ = {
			isa = XCConfigurationList;
			buildConfigurations = (
				D50D17F517A15F73006680D6 /* Debug */,
				D50D17F617A15F73006680D6 /* Release */,
			);
			defaultConfigurationIsVisible = 0;
		};
/* End XCConfigurationList section */
	};
	rootObject = D50D17C917A15F73006680D6 /* Project object */;
}
